// !$*UTF8*$!
{
	archiveVersion = 1;
	classes = {
	};
	objectVersion = 46;
	objects = {

/* Begin PBXBuildFile section */
		189FAC0C1B8C5E9C00328AE8 /* main.m in Sources */ = {isa = PBXBuildFile; fileRef = 189FAC0B1B8C5E9C00328AE8 /* main.m */; };
		189FAC0F1B8C5E9C00328AE8 /* AppDelegate.m in Sources */ = {isa = PBXBuildFile; fileRef = 189FAC0E1B8C5E9C00328AE8 /* AppDelegate.m */; };
		189FAC121B8C5E9C00328AE8 /* ViewController.m in Sources */ = {isa = PBXBuildFile; fileRef = 189FAC111B8C5E9C00328AE8 /* ViewController.m */; };
		189FAC151B8C5E9C00328AE8 /* Main.storyboard in Resources */ = {isa = PBXBuildFile; fileRef = 189FAC131B8C5E9C00328AE8 /* Main.storyboard */; };
		189FAC171B8C5E9C00328AE8 /* Images.xcassets in Resources */ = {isa = PBXBuildFile; fileRef = 189FAC161B8C5E9C00328AE8 /* Images.xcassets */; };
		189FAC1A1B8C5E9C00328AE8 /* LaunchScreen.xib in Resources */ = {isa = PBXBuildFile; fileRef = 189FAC181B8C5E9C00328AE8 /* LaunchScreen.xib */; };
		189FAC261B8C5E9C00328AE8 /* GithubForTestTests.m in Sources */ = {isa = PBXBuildFile; fileRef = 189FAC251B8C5E9C00328AE8 /* GithubForTestTests.m */; };
/* End PBXBuildFile section */

/* Begin PBXContainerItemProxy section */
		189FAC201B8C5E9C00328AE8 /* PBXContainerItemProxy */ = {
			isa = PBXContainerItemProxy;
			containerPortal = 189FABFE1B8C5E9C00328AE8 /* Project object */;
			proxyType = 1;
			remoteGlobalIDString = 189FAC051B8C5E9C00328AE8;
			remoteInfo = GithubForTest;
		};
/* End PBXContainerItemProxy section */

/* Begin PBXFileReference section */
		189FAC061B8C5E9C00328AE8 /* GithubForTest.app */ = {isa = PBXFileReference; explicitFileType = wrapper.application; includeInIndex = 0; path = GithubForTest.app; sourceTree = BUILT_PRODUCTS_DIR; };
		189FAC0A1B8C5E9C00328AE8 /* Info.plist */ = {isa = PBXFileReference; lastKnownFileType = text.plist.xml; path = Info.plist; sourceTree = "<group>"; };
		189FAC0B1B8C5E9C00328AE8 /* main.m */ = {isa = PBXFileReference; lastKnownFileType = sourcecode.c.objc; path = main.m; sourceTree = "<group>"; };
		189FAC0D1B8C5E9C00328AE8 /* AppDelegate.h */ = {isa = PBXFileReference; lastKnownFileType = sourcecode.c.h; path = AppDelegate.h; sourceTree = "<group>"; };
		189FAC0E1B8C5E9C00328AE8 /* AppDelegate.m */ = {isa = PBXFileReference; lastKnownFileType = sourcecode.c.objc; path = AppDelegate.m; sourceTree = "<group>"; };
		189FAC101B8C5E9C00328AE8 /* ViewController.h */ = {isa = PBXFileReference; lastKnownFileType = sourcecode.c.h; path = ViewController.h; sourceTree = "<group>"; };
		189FAC111B8C5E9C00328AE8 /* ViewController.m */ = {isa = PBXFileReference; lastKnownFileType = sourcecode.c.objc; path = ViewController.m; sourceTree = "<group>"; };
		189FAC141B8C5E9C00328AE8 /* Base */ = {isa = PBXFileReference; lastKnownFileType = file.storyboard; name = Base; path = Base.lproj/Main.storyboard; sourceTree = "<group>"; };
		189FAC161B8C5E9C00328AE8 /* Images.xcassets */ = {isa = PBXFileReference; lastKnownFileType = folder.assetcatalog; path = Images.xcassets; sourceTree = "<group>"; };
		189FAC191B8C5E9C00328AE8 /* Base */ = {isa = PBXFileReference; lastKnownFileType = file.xib; name = Base; path = Base.lproj/LaunchScreen.xib; sourceTree = "<group>"; };
		189FAC1F1B8C5E9C00328AE8 /* GithubForTestTests.xctest */ = {isa = PBXFileReference; explicitFileType = wrapper.cfbundle; includeInIndex = 0; path = GithubForTestTests.xctest; sourceTree = BUILT_PRODUCTS_DIR; };
		189FAC241B8C5E9C00328AE8 /* Info.plist */ = {isa = PBXFileReference; lastKnownFileType = text.plist.xml; path = Info.plist; sourceTree = "<group>"; };
		189FAC251B8C5E9C00328AE8 /* GithubForTestTests.m */ = {isa = PBXFileReference; lastKnownFileType = sourcecode.c.objc; path = GithubForTestTests.m; sourceTree = "<group>"; };
/* End PBXFileReference section */

/* Begin PBXFrameworksBuildPhase section */
		189FAC031B8C5E9C00328AE8 /* Frameworks */ = {
			isa = PBXFrameworksBuildPhase;
			buildActionMask = 2147483647;
			files = (
			);
			runOnlyForDeploymentPostprocessing = 0;
		};
		189FAC1C1B8C5E9C00328AE8 /* Frameworks */ = {
			isa = PBXFrameworksBuildPhase;
			buildActionMask = 2147483647;
			files = (
			);
			runOnlyForDeploymentPostprocessing = 0;
		};
/* End PBXFrameworksBuildPhase section */

/* Begin PBXGroup section */
		189FABFD1B8C5E9C00328AE8 = {
			isa = PBXGroup;
			children = (
				189FAC081B8C5E9C00328AE8 /* GithubForTest */,
				189FAC221B8C5E9C00328AE8 /* GithubForTestTests */,
				189FAC071B8C5E9C00328AE8 /* Products */,
			);
			sourceTree = "<group>";
		};
		189FAC071B8C5E9C00328AE8 /* Products */ = {
			isa = PBXGroup;
			children = (
				189FAC061B8C5E9C00328AE8 /* GithubForTest.app */,
				189FAC1F1B8C5E9C00328AE8 /* GithubForTestTests.xctest */,
			);
			name = Products;
			sourceTree = "<group>";
		};
		189FAC081B8C5E9C00328AE8 /* GithubForTest */ = {
			isa = PBXGroup;
			children = (
				189FAC0D1B8C5E9C00328AE8 /* AppDelegate.h */,
				189FAC0E1B8C5E9C00328AE8 /* AppDelegate.m */,
				189FAC101B8C5E9C00328AE8 /* ViewController.h */,
				189FAC111B8C5E9C00328AE8 /* ViewController.m */,
				189FAC131B8C5E9C00328AE8 /* Main.storyboard */,
				189FAC161B8C5E9C00328AE8 /* Images.xcassets */,
				189FAC181B8C5E9C00328AE8 /* LaunchScreen.xib */,
				189FAC091B8C5E9C00328AE8 /* Supporting Files */,
			);
			path = GithubForTest;
			sourceTree = "<group>";
		};
		189FAC091B8C5E9C00328AE8 /* Supporting Files */ = {
			isa = PBXGroup;
			children = (
				189FAC0A1B8C5E9C00328AE8 /* Info.plist */,
				189FAC0B1B8C5E9C00328AE8 /* main.m */,
			);
			name = "Supporting Files";
			sourceTree = "<group>";
		};
		189FAC221B8C5E9C00328AE8 /* GithubForTestTests */ = {
			isa = PBXGroup;
			children = (
				189FAC251B8C5E9C00328AE8 /* GithubForTestTests.m */,
				189FAC231B8C5E9C00328AE8 /* Supporting Files */,
			);
			path = GithubForTestTests;
			sourceTree = "<group>";
		};
		189FAC231B8C5E9C00328AE8 /* Supporting Files */ = {
			isa = PBXGroup;
			children = (
				189FAC241B8C5E9C00328AE8 /* Info.plist */,
			);
			name = "Supporting Files";
			sourceTree = "<group>";
		};
/* End PBXGroup section */

/* Begin PBXNativeTarget section */
		189FAC051B8C5E9C00328AE8 /* GithubForTest */ = {
			isa = PBXNativeTarget;
			buildConfigurationList = 189FAC291B8C5E9C00328AE8 /* Build configuration list for PBXNativeTarget "GithubForTest" */;
			buildPhases = (
				189FAC021B8C5E9C00328AE8 /* Sources */,
				189FAC031B8C5E9C00328AE8 /* Frameworks */,
				189FAC041B8C5E9C00328AE8 /* Resources */,
			);
			buildRules = (
			);
			dependencies = (
			);
			name = GithubForTest;
			productName = GithubForTest;
			productReference = 189FAC061B8C5E9C00328AE8 /* GithubForTest.app */;
			productType = "com.apple.product-type.application";
		};
		189FAC1E1B8C5E9C00328AE8 /* GithubForTestTests */ = {
			isa = PBXNativeTarget;
			buildConfigurationList = 189FAC2C1B8C5E9C00328AE8 /* Build configuration list for PBXNativeTarget "GithubForTestTests" */;
			buildPhases = (
				189FAC1B1B8C5E9C00328AE8 /* Sources */,
				189FAC1C1B8C5E9C00328AE8 /* Frameworks */,
				189FAC1D1B8C5E9C00328AE8 /* Resources */,
			);
			buildRules = (
			);
			dependencies = (
				189FAC211B8C5E9C00328AE8 /* PBXTargetDependency */,
			);
			name = GithubForTestTests;
			productName = GithubForTestTests;
			productReference = 189FAC1F1B8C5E9C00328AE8 /* GithubForTestTests.xctest */;
			productType = "com.apple.product-type.bundle.unit-test";
		};
/* End PBXNativeTarget section */

/* Begin PBXProject section */
		189FABFE1B8C5E9C00328AE8 /* Project object */ = {
			isa = PBXProject;
			attributes = {
				LastUpgradeCheck = 0630;
				ORGANIZATIONNAME = apple;
				TargetAttributes = {
					189FAC051B8C5E9C00328AE8 = {
						CreatedOnToolsVersion = 6.3;
					};
					189FAC1E1B8C5E9C00328AE8 = {
						CreatedOnToolsVersion = 6.3;
						TestTargetID = 189FAC051B8C5E9C00328AE8;
					};
				};
			};
			buildConfigurationList = 189FAC011B8C5E9C00328AE8 /* Build configuration list for PBXProject "GithubForTest" */;
			compatibilityVersion = "Xcode 3.2";
			developmentRegion = English;
			hasScannedForEncodings = 0;
			knownRegions = (
				en,
				Base,
			);
			mainGroup = 189FABFD1B8C5E9C00328AE8;
			productRefGroup = 189FAC071B8C5E9C00328AE8 /* Products */;
			projectDirPath = "";
			projectRoot = "";
			targets = (
				189FAC051B8C5E9C00328AE8 /* GithubForTest */,
				189FAC1E1B8C5E9C00328AE8 /* GithubForTestTests */,
			);
		};
/* End PBXProject section */

/* Begin PBXResourcesBuildPhase section */
		189FAC041B8C5E9C00328AE8 /* Resources */ = {
			isa = PBXResourcesBuildPhase;
			buildActionMask = 2147483647;
			files = (
				189FAC151B8C5E9C00328AE8 /* Main.storyboard in Resources */,
				189FAC1A1B8C5E9C00328AE8 /* LaunchScreen.xib in Resources */,
				189FAC171B8C5E9C00328AE8 /* Images.xcassets in Resources */,
			);
			runOnlyForDeploymentPostprocessing = 0;
		};
		189FAC1D1B8C5E9C00328AE8 /* Resources */ = {
			isa = PBXResourcesBuildPhase;
			buildActionMask = 2147483647;
			files = (
			);
			runOnlyForDeploymentPostprocessing = 0;
		};
/* End PBXResourcesBuildPhase section */

/* Begin PBXSourcesBuildPhase section */
		189FAC021B8C5E9C00328AE8 /* Sources */ = {
			isa = PBXSourcesBuildPhase;
			buildActionMask = 2147483647;
			files = (
				189FAC121B8C5E9C00328AE8 /* ViewController.m in Sources */,
				189FAC0F1B8C5E9C00328AE8 /* AppDelegate.m in Sources */,
				189FAC0C1B8C5E9C00328AE8 /* main.m in Sources */,
			);
			runOnlyForDeploymentPostprocessing = 0;
		};
		189FAC1B1B8C5E9C00328AE8 /* Sources */ = {
			isa = PBXSourcesBuildPhase;
			buildActionMask = 2147483647;
			files = (
				189FAC261B8C5E9C00328AE8 /* GithubForTestTests.m in Sources */,
			);
			runOnlyForDeploymentPostprocessing = 0;
		};
/* End PBXSourcesBuildPhase section */

/* Begin PBXTargetDependency section */
		189FAC211B8C5E9C00328AE8 /* PBXTargetDependency */ = {
			isa = PBXTargetDependency;
			target = 189FAC051B8C5E9C00328AE8 /* GithubForTest */;
			targetProxy = 189FAC201B8C5E9C00328AE8 /* PBXContainerItemProxy */;
		};
/* End PBXTargetDependency section */

/* Begin PBXVariantGroup section */
		189FAC131B8C5E9C00328AE8 /* Main.storyboard */ = {
			isa = PBXVariantGroup;
			children = (
				189FAC141B8C5E9C00328AE8 /* Base */,
			);
			name = Main.storyboard;
			sourceTree = "<group>";
		};
		189FAC181B8C5E9C00328AE8 /* LaunchScreen.xib */ = {
			isa = PBXVariantGroup;
			children = (
				189FAC191B8C5E9C00328AE8 /* Base */,
			);
			name = LaunchScreen.xib;
			sourceTree = "<group>";
		};
/* End PBXVariantGroup section */

/* Begin XCBuildConfiguration section */
		189FAC271B8C5E9C00328AE8 /* Debug */ = {
			isa = XCBuildConfiguration;
			buildSettings = {
				ALWAYS_SEARCH_USER_PATHS = NO;
				CLANG_CXX_LANGUAGE_STANDARD = "gnu++0x";
				CLANG_CXX_LIBRARY = "libc++";
				CLANG_ENABLE_MODULES = YES;
				CLANG_ENABLE_OBJC_ARC = YES;
				CLANG_WARN_BOOL_CONVERSION = YES;
				CLANG_WARN_CONSTANT_CONVERSION = YES;
				CLANG_WARN_DIRECT_OBJC_ISA_USAGE = YES_ERROR;
				CLANG_WARN_EMPTY_BODY = YES;
				CLANG_WARN_ENUM_CONVERSION = YES;
				CLANG_WARN_INT_CONVERSION = YES;
				CLANG_WARN_OBJC_ROOT_CLASS = YES_ERROR;
				CLANG_WARN_UNREACHABLE_CODE = YES;
				CLANG_WARN__DUPLICATE_METHOD_MATCH = YES;
				"CODE_SIGN_IDENTITY[sdk=iphoneos*]" = "iPhone Developer";
				COPY_PHASE_STRIP = NO;
				DEBUG_INFORMATION_FORMAT = "dwarf-with-dsym";
				ENABLE_STRICT_OBJC_MSGSEND = YES;
				GCC_C_LANGUAGE_STANDARD = gnu99;
				GCC_DYNAMIC_NO_PIC = NO;
				GCC_NO_COMMON_BLOCKS = YES;
				GCC_OPTIMIZATION_LEVEL = 0;
				GCC_PREPROCESSOR_DEFINITIONS = (
					"DEBUG=1",
					"$(inherited)",
				);
				GCC_SYMBOLS_PRIVATE_EXTERN = NO;
				GCC_WARN_64_TO_32_BIT_CONVERSION = YES;
				GCC_WARN_ABOUT_RETURN_TYPE = YES_ERROR;
				GCC_WARN_UNDECLARED_SELECTOR = YES;
				GCC_WARN_UNINITIALIZED_AUTOS = YES_AGGRESSIVE;
				GCC_WARN_UNUSED_FUNCTION = YES;
				GCC_WARN_UNUSED_VARIABLE = YES;
				IPHONEOS_DEPLOYMENT_TARGET = 8.3;
				MTL_ENABLE_DEBUG_INFO = YES;
				ONLY_ACTIVE_ARCH = YES;
				SDKROOT = iphoneos;
			};
			name = Debug;
		};
		189FAC281B8C5E9C00328AE8 /* Release */ = {
			isa = XCBuildConfiguration;
			buildSettings = {
				ALWAYS_SEARCH_USER_PATHS = NO;
				CLANG_CXX_LANGUAGE_STANDARD = "gnu++0x";
				CLANG_CXX_LIBRARY = "libc++";
				CLANG_ENABLE_MODULES = YES;
				CLANG_ENABLE_OBJC_ARC = YES;
				CLANG_WARN_BOOL_CONVERSION = YES;
				CLANG_WARN_CONSTANT_CONVERSION = YES;
				CLANG_WARN_DIRECT_OBJC_ISA_USAGE = YES_ERROR;
				CLANG_WARN_EMPTY_BODY = YES;
				CLANG_WARN_ENUM_CONVERSION = YES;
				CLANG_WARN_INT_CONVERSION = YES;
				CLANG_WARN_OBJC_ROOT_CLASS = YES_ERROR;
				CLANG_WARN_UNREACHABLE_CODE = YES;
				CLANG_WARN__DUPLICATE_METHOD_MATCH = YES;
				"CODE_SIGN_IDENTITY[sdk=iphoneos*]" = "iPhone Developer";
				COPY_PHASE_STRIP = NO;
				DEBUG_INFORMATION_FORMAT = "dwarf-with-dsym";
				ENABLE_NS_ASSERTIONS = NO;
				ENABLE_STRICT_OBJC_MSGSEND = YES;
				GCC_C_LANGUAGE_STANDARD = gnu99;
				GCC_NO_COMMON_BLOCKS = YES;
				GCC_WARN_64_TO_32_BIT_CONVERSION = YES;
				GCC_WARN_ABOUT_RETURN_TYPE = YES_ERROR;
				GCC_WARN_UNDECLARED_SELECTOR = YES;
				GCC_WARN_UNINITIALIZED_AUTOS = YES_AGGRESSIVE;
				GCC_WARN_UNUSED_FUNCTION = YES;
				GCC_WARN_UNUSED_VARIABLE = YES;
				IPHONEOS_DEPLOYMENT_TARGET = 8.3;
				MTL_ENABLE_DEBUG_INFO = NO;
				SDKROOT = iphoneos;
				VALIDATE_PRODUCT = YES;
			};
			name = Release;
		};
		189FAC2A1B8C5E9C00328AE8 /* Debug */ = {
			isa = XCBuildConfiguration;
			buildSettings = {
				ASSETCATALOG_COMPILER_APPICON_NAME = AppIcon;
				INFOPLIST_FILE = GithubForTest/Info.plist;
				LD_RUNPATH_SEARCH_PATHS = "$(inherited) @executable_path/Frameworks";
				PRODUCT_NAME = "$(TARGET_NAME)";
			};
			name = Debug;
		};
		189FAC2B1B8C5E9C00328AE8 /* Release */ = {
			isa = XCBuildConfiguration;
			buildSettings = {
				ASSETCATALOG_COMPILER_APPICON_NAME = AppIcon;
				INFOPLIST_FILE = GithubForTest/Info.plist;
				LD_RUNPATH_SEARCH_PATHS = "$(inherited) @executable_path/Frameworks";
				PRODUCT_NAME = "$(TARGET_NAME)";
			};
			name = Release;
		};
		189FAC2D1B8C5E9C00328AE8 /* Debug */ = {
			isa = XCBuildConfiguration;
			buildSettings = {
				BUNDLE_LOADER = "$(TEST_HOST)";
				FRAMEWORK_SEARCH_PATHS = (
					"$(SDKROOT)/Developer/Library/Frameworks",
					"$(inherited)",
				);
				GCC_PREPROCESSOR_DEFINITIONS = (
					"DEBUG=1",
					"$(inherited)",
				);
				INFOPLIST_FILE = GithubForTestTests/Info.plist;
				LD_RUNPATH_SEARCH_PATHS = "$(inherited) @executable_path/Frameworks @loader_path/Frameworks";
				PRODUCT_NAME = "$(TARGET_NAME)";
				TEST_HOST = "$(BUILT_PRODUCTS_DIR)/GithubForTest.app/GithubForTest";
			};
			name = Debug;
		};
		189FAC2E1B8C5E9C00328AE8 /* Release */ = {
			isa = XCBuildConfiguration;
			buildSettings = {
				BUNDLE_LOADER = "$(TEST_HOST)";
				FRAMEWORK_SEARCH_PATHS = (
					"$(SDKROOT)/Developer/Library/Frameworks",
					"$(inherited)",
				);
				INFOPLIST_FILE = GithubForTestTests/Info.plist;
				LD_RUNPATH_SEARCH_PATHS = "$(inherited) @executable_path/Frameworks @loader_path/Frameworks";
				PRODUCT_NAME = "$(TARGET_NAME)";
				TEST_HOST = "$(BUILT_PRODUCTS_DIR)/GithubForTest.app/GithubForTest";
			};
			name = Release;
		};
/* End XCBuildConfiguration section */

/* Begin XCConfigurationList section */
		189FAC011B8C5E9C00328AE8 /* Build configuration list for PBXProject "GithubForTest" */ = {
			isa = XCConfigurationList;
			buildConfigurations = (
				189FAC271B8C5E9C00328AE8 /* Debug */,
				189FAC281B8C5E9C00328AE8 /* Release */,
			);
			defaultConfigurationIsVisible = 0;
			defaultConfigurationName = Release;
		};
		189FAC291B8C5E9C00328AE8 /* Build configuration list for PBXNativeTarget "GithubForTest" */ = {
			isa = XCConfigurationList;
			buildConfigurations = (
				189FAC2A1B8C5E9C00328AE8 /* Debug */,
				189FAC2B1B8C5E9C00328AE8 /* Release */,
			);
			defaultConfigurationIsVisible = 0;
		};
		189FAC2C1B8C5E9C00328AE8 /* Build configuration list for PBXNativeTarget "GithubForTestTests" */ = {
			isa = XCConfigurationList;
			buildConfigurations = (
				189FAC2D1B8C5E9C00328AE8 /* Debug */,
				189FAC2E1B8C5E9C00328AE8 /* Release */,
			);
			defaultConfigurationIsVisible = 0;
		};
/* End XCConfigurationList section */
	};
	rootObject = 189FABFE1B8C5E9C00328AE8 /* Project object */;
}
